
Microsoft Visual Studio Solution File, Format Version 12.00
# Visual Studio Version 17
VisualStudioVersion = 17.10.35013.160
MinimumVisualStudioVersion = 10.0.40219.1
Project("{FAE04EC0-301F-11D3-BF4B-00C04F79EFBC}") = "Homework 1", "Homework 1.csproj", "{0D716A87-7FE5-4787-8C6B-9AA4F8E681FC}"
EndProject
Global
	GlobalSection(SolutionConfigurationPlatforms) = preSolution
		Debug|Any CPU = Debug|Any CPU
		Release|Any CPU = Release|Any CPU
	EndGlobalSection
	GlobalSection(ProjectConfigurationPlatforms) = postSolution
		{0D716A87-7FE5-4787-8C6B-9AA4F8E681FC}.Debug|Any CPU.ActiveCfg = Debug|Any CPU
		{0D716A87-7FE5-4787-8C6B-9AA4F8E681FC}.Debug|Any CPU.Build.0 = Debug|Any CPU
		{0D716A87-7FE5-4787-8C6B-9AA4F8E681FC}.Release|Any CPU.ActiveCfg = Release|Any CPU
		{0D716A87-7FE5-4787-8C6B-9AA4F8E681FC}.Release|Any CPU.Build.0 = Release|Any CPU
	EndGlobalSection
	GlobalSection(SolutionProperties) = preSolution
		HideSolutionNode = FALSE
	EndGlobalSection
	GlobalSection(ExtensibilityGlobals) = postSolution
		SolutionGuid = {5AC767B9-A4F0-4E01-AC96-AE5E2F57C110}
	EndGlobalSection
EndGlobal
