
Microsoft Visual Studio Solution File, Format Version 12.00
# Visual Studio Version 17
VisualStudioVersion = 17.10.35013.160
MinimumVisualStudioVersion = 10.0.40219.1
Project("{FAE04EC0-301F-11D3-BF4B-00C04F79EFBC}") = "Homework 3 Harrington", "Homework 3 Harrington.csproj", "{44515FDA-3142-45CB-87C8-BDECE18BE394}"
EndProject
Global
	GlobalSection(SolutionConfigurationPlatforms) = preSolution
		Debug|Any CPU = Debug|Any CPU
		Release|Any CPU = Release|Any CPU
	EndGlobalSection
	GlobalSection(ProjectConfigurationPlatforms) = postSolution
		{44515FDA-3142-45CB-87C8-BDECE18BE394}.Debug|Any CPU.ActiveCfg = Debug|Any CPU
		{44515FDA-3142-45CB-87C8-BDECE18BE394}.Debug|Any CPU.Build.0 = Debug|Any CPU
		{44515FDA-3142-45CB-87C8-BDECE18BE394}.Release|Any CPU.ActiveCfg = Release|Any CPU
		{44515FDA-3142-45CB-87C8-BDECE18BE394}.Release|Any CPU.Build.0 = Release|Any CPU
	EndGlobalSection
	GlobalSection(SolutionProperties) = preSolution
		HideSolutionNode = FALSE
	EndGlobalSection
	GlobalSection(ExtensibilityGlobals) = postSolution
		SolutionGuid = {E0A8219B-5FAF-4EB7-A4FC-84986A3F069B}
	EndGlobalSection
EndGlobal
