
Microsoft Visual Studio Solution File, Format Version 12.00
# Visual Studio Version 17
VisualStudioVersion = 17.10.35013.160
MinimumVisualStudioVersion = 10.0.40219.1
Project("{FAE04EC0-301F-11D3-BF4B-00C04F79EFBC}") = "Homework 4 Harrington", "Homework 4 Harrington.csproj", "{84D40E77-9FB2-4834-B567-B0BA1CD14C09}"
EndProject
Global
	GlobalSection(SolutionConfigurationPlatforms) = preSolution
		Debug|Any CPU = Debug|Any CPU
		Release|Any CPU = Release|Any CPU
	EndGlobalSection
	GlobalSection(ProjectConfigurationPlatforms) = postSolution
		{84D40E77-9FB2-4834-B567-B0BA1CD14C09}.Debug|Any CPU.ActiveCfg = Debug|Any CPU
		{84D40E77-9FB2-4834-B567-B0BA1CD14C09}.Debug|Any CPU.Build.0 = Debug|Any CPU
		{84D40E77-9FB2-4834-B567-B0BA1CD14C09}.Release|Any CPU.ActiveCfg = Release|Any CPU
		{84D40E77-9FB2-4834-B567-B0BA1CD14C09}.Release|Any CPU.Build.0 = Release|Any CPU
	EndGlobalSection
	GlobalSection(SolutionProperties) = preSolution
		HideSolutionNode = FALSE
	EndGlobalSection
	GlobalSection(ExtensibilityGlobals) = postSolution
		SolutionGuid = {1EB533E6-E6E1-4E09-A2D6-1E51E3AF990A}
	EndGlobalSection
EndGlobal
