
Microsoft Visual Studio Solution File, Format Version 12.00
# Visual Studio Version 17
VisualStudioVersion = 17.10.35013.160
MinimumVisualStudioVersion = 10.0.40219.1
Project("{FAE04EC0-301F-11D3-BF4B-00C04F79EFBC}") = "Homework 5 Harrington", "Homework 5 Harrington.csproj", "{335CEF89-C8BF-4175-A067-ED203B51E56C}"
EndProject
Global
	GlobalSection(SolutionConfigurationPlatforms) = preSolution
		Debug|Any CPU = Debug|Any CPU
		Release|Any CPU = Release|Any CPU
	EndGlobalSection
	GlobalSection(ProjectConfigurationPlatforms) = postSolution
		{335CEF89-C8BF-4175-A067-ED203B51E56C}.Debug|Any CPU.ActiveCfg = Debug|Any CPU
		{335CEF89-C8BF-4175-A067-ED203B51E56C}.Debug|Any CPU.Build.0 = Debug|Any CPU
		{335CEF89-C8BF-4175-A067-ED203B51E56C}.Release|Any CPU.ActiveCfg = Release|Any CPU
		{335CEF89-C8BF-4175-A067-ED203B51E56C}.Release|Any CPU.Build.0 = Release|Any CPU
	EndGlobalSection
	GlobalSection(SolutionProperties) = preSolution
		HideSolutionNode = FALSE
	EndGlobalSection
	GlobalSection(ExtensibilityGlobals) = postSolution
		SolutionGuid = {310B3AD8-77A3-47D1-8803-B627D054E8DB}
	EndGlobalSection
EndGlobal
